// !$*UTF8*$!
{
	archiveVersion = 1;
	classes = {
	};
	objectVersion = 46;
	objects = {

/* Begin PBXBuildFile section */
		7F894D0A1923062E00B9FCB2 /* Foundation.framework in Frameworks */ = {isa = PBXBuildFile; fileRef = 7F894D091923062E00B9FCB2 /* Foundation.framework */; };
		7F894D0C1923062E00B9FCB2 /* CoreGraphics.framework in Frameworks */ = {isa = PBXBuildFile; fileRef = 7F894D0B1923062E00B9FCB2 /* CoreGraphics.framework */; };
		7F894D0E1923062E00B9FCB2 /* UIKit.framework in Frameworks */ = {isa = PBXBuildFile; fileRef = 7F894D0D1923062E00B9FCB2 /* UIKit.framework */; };
		7F894D141923062E00B9FCB2 /* InfoPlist.strings in Resources */ = {isa = PBXBuildFile; fileRef = 7F894D121923062E00B9FCB2 /* InfoPlist.strings */; };
		7F894D161923062E00B9FCB2 /* main.m in Sources */ = {isa = PBXBuildFile; fileRef = 7F894D151923062E00B9FCB2 /* main.m */; };
		7F894D1A1923062E00B9FCB2 /* AppDelegate.m in Sources */ = {isa = PBXBuildFile; fileRef = 7F894D191923062E00B9FCB2 /* AppDelegate.m */; };
		7F894D1D1923062E00B9FCB2 /* Main.storyboard in Resources */ = {isa = PBXBuildFile; fileRef = 7F894D1B1923062E00B9FCB2 /* Main.storyboard */; };
		7F894D201923062E00B9FCB2 /* ViewController.m in Sources */ = {isa = PBXBuildFile; fileRef = 7F894D1F1923062E00B9FCB2 /* ViewController.m */; };
		7F894D221923062E00B9FCB2 /* Images.xcassets in Resources */ = {isa = PBXBuildFile; fileRef = 7F894D211923062E00B9FCB2 /* Images.xcassets */; };
		7F894D291923062E00B9FCB2 /* XCTest.framework in Frameworks */ = {isa = PBXBuildFile; fileRef = 7F894D281923062E00B9FCB2 /* XCTest.framework */; };
		7F894D2A1923062E00B9FCB2 /* Foundation.framework in Frameworks */ = {isa = PBXBuildFile; fileRef = 7F894D091923062E00B9FCB2 /* Foundation.framework */; };
		7F894D2B1923062E00B9FCB2 /* UIKit.framework in Frameworks */ = {isa = PBXBuildFile; fileRef = 7F894D0D1923062E00B9FCB2 /* UIKit.framework */; };
		7F894D331923062E00B9FCB2 /* InfoPlist.strings in Resources */ = {isa = PBXBuildFile; fileRef = 7F894D311923062E00B9FCB2 /* InfoPlist.strings */; };
		7F894D351923062E00B9FCB2 /* CardGameTests.m in Sources */ = {isa = PBXBuildFile; fileRef = 7F894D341923062E00B9FCB2 /* CardGameTests.m */; };
/* End PBXBuildFile section */

/* Begin PBXContainerItemProxy section */
		7F894D2C1923062E00B9FCB2 /* PBXContainerItemProxy */ = {
			isa = PBXContainerItemProxy;
			containerPortal = 7F894CFE1923062E00B9FCB2 /* Project object */;
			proxyType = 1;
			remoteGlobalIDString = 7F894D051923062E00B9FCB2;
			remoteInfo = CardGame;
		};
/* End PBXContainerItemProxy section */

/* Begin PBXFileReference section */
		7F894D061923062E00B9FCB2 /* CardGame.app */ = {isa = PBXFileReference; explicitFileType = wrapper.application; includeInIndex = 0; path = CardGame.app; sourceTree = BUILT_PRODUCTS_DIR; };
		7F894D091923062E00B9FCB2 /* Foundation.framework */ = {isa = PBXFileReference; lastKnownFileType = wrapper.framework; name = Foundation.framework; path = System/Library/Frameworks/Foundation.framework; sourceTree = SDKROOT; };
		7F894D0B1923062E00B9FCB2 /* CoreGraphics.framework */ = {isa = PBXFileReference; lastKnownFileType = wrapper.framework; name = CoreGraphics.framework; path = System/Library/Frameworks/CoreGraphics.framework; sourceTree = SDKROOT; };
		7F894D0D1923062E00B9FCB2 /* UIKit.framework */ = {isa = PBXFileReference; lastKnownFileType = wrapper.framework; name = UIKit.framework; path = System/Library/Frameworks/UIKit.framework; sourceTree = SDKROOT; };
		7F894D111923062E00B9FCB2 /* CardGame-Info.plist */ = {isa = PBXFileReference; lastKnownFileType = text.plist.xml; path = "CardGame-Info.plist"; sourceTree = "<group>"; };
		7F894D131923062E00B9FCB2 /* en */ = {isa = PBXFileReference; lastKnownFileType = text.plist.strings; name = en; path = en.lproj/InfoPlist.strings; sourceTree = "<group>"; };
		7F894D151923062E00B9FCB2 /* main.m */ = {isa = PBXFileReference; lastKnownFileType = sourcecode.c.objc; path = main.m; sourceTree = "<group>"; };
		7F894D171923062E00B9FCB2 /* CardGame-Prefix.pch */ = {isa = PBXFileReference; lastKnownFileType = sourcecode.c.h; path = "CardGame-Prefix.pch"; sourceTree = "<group>"; };
		7F894D181923062E00B9FCB2 /* AppDelegate.h */ = {isa = PBXFileReference; lastKnownFileType = sourcecode.c.h; path = AppDelegate.h; sourceTree = "<group>"; };
		7F894D191923062E00B9FCB2 /* AppDelegate.m */ = {isa = PBXFileReference; lastKnownFileType = sourcecode.c.objc; path = AppDelegate.m; sourceTree = "<group>"; };
		7F894D1C1923062E00B9FCB2 /* Base */ = {isa = PBXFileReference; lastKnownFileType = file.storyboard; name = Base; path = Base.lproj/Main.storyboard; sourceTree = "<group>"; };
		7F894D1E1923062E00B9FCB2 /* ViewController.h */ = {isa = PBXFileReference; lastKnownFileType = sourcecode.c.h; path = ViewController.h; sourceTree = "<group>"; };
		7F894D1F1923062E00B9FCB2 /* ViewController.m */ = {isa = PBXFileReference; lastKnownFileType = sourcecode.c.objc; path = ViewController.m; sourceTree = "<group>"; };
		7F894D211923062E00B9FCB2 /* Images.xcassets */ = {isa = PBXFileReference; lastKnownFileType = folder.assetcatalog; path = Images.xcassets; sourceTree = "<group>"; };
		7F894D271923062E00B9FCB2 /* CardGameTests.xctest */ = {isa = PBXFileReference; explicitFileType = wrapper.cfbundle; includeInIndex = 0; path = CardGameTests.xctest; sourceTree = BUILT_PRODUCTS_DIR; };
		7F894D281923062E00B9FCB2 /* XCTest.framework */ = {isa = PBXFileReference; lastKnownFileType = wrapper.framework; name = XCTest.framework; path = Library/Frameworks/XCTest.framework; sourceTree = DEVELOPER_DIR; };
		7F894D301923062E00B9FCB2 /* CardGameTests-Info.plist */ = {isa = PBXFileReference; lastKnownFileType = text.plist.xml; path = "CardGameTests-Info.plist"; sourceTree = "<group>"; };
		7F894D321923062E00B9FCB2 /* en */ = {isa = PBXFileReference; lastKnownFileType = text.plist.strings; name = en; path = en.lproj/InfoPlist.strings; sourceTree = "<group>"; };
		7F894D341923062E00B9FCB2 /* CardGameTests.m */ = {isa = PBXFileReference; lastKnownFileType = sourcecode.c.objc; path = CardGameTests.m; sourceTree = "<group>"; };
/* End PBXFileReference section */

/* Begin PBXFrameworksBuildPhase section */
		7F894D031923062E00B9FCB2 /* Frameworks */ = {
			isa = PBXFrameworksBuildPhase;
			buildActionMask = 2147483647;
			files = (
				7F894D0C1923062E00B9FCB2 /* CoreGraphics.framework in Frameworks */,
				7F894D0E1923062E00B9FCB2 /* UIKit.framework in Frameworks */,
				7F894D0A1923062E00B9FCB2 /* Foundation.framework in Frameworks */,
			);
			runOnlyForDeploymentPostprocessing = 0;
		};
		7F894D241923062E00B9FCB2 /* Frameworks */ = {
			isa = PBXFrameworksBuildPhase;
			buildActionMask = 2147483647;
			files = (
				7F894D291923062E00B9FCB2 /* XCTest.framework in Frameworks */,
				7F894D2B1923062E00B9FCB2 /* UIKit.framework in Frameworks */,
				7F894D2A1923062E00B9FCB2 /* Foundation.framework in Frameworks */,
			);
			runOnlyForDeploymentPostprocessing = 0;
		};
/* End PBXFrameworksBuildPhase section */

/* Begin PBXGroup section */
		7F894CFD1923062E00B9FCB2 = {
			isa = PBXGroup;
			children = (
				7F894D0F1923062E00B9FCB2 /* CardGame */,
				7F894D2E1923062E00B9FCB2 /* CardGameTests */,
				7F894D081923062E00B9FCB2 /* Frameworks */,
				7F894D071923062E00B9FCB2 /* Products */,
			);
			sourceTree = "<group>";
		};
		7F894D071923062E00B9FCB2 /* Products */ = {
			isa = PBXGroup;
			children = (
				7F894D061923062E00B9FCB2 /* CardGame.app */,
				7F894D271923062E00B9FCB2 /* CardGameTests.xctest */,
			);
			name = Products;
			sourceTree = "<group>";
		};
		7F894D081923062E00B9FCB2 /* Frameworks */ = {
			isa = PBXGroup;
			children = (
				7F894D091923062E00B9FCB2 /* Foundation.framework */,
				7F894D0B1923062E00B9FCB2 /* CoreGraphics.framework */,
				7F894D0D1923062E00B9FCB2 /* UIKit.framework */,
				7F894D281923062E00B9FCB2 /* XCTest.framework */,
			);
			name = Frameworks;
			sourceTree = "<group>";
		};
		7F894D0F1923062E00B9FCB2 /* CardGame */ = {
			isa = PBXGroup;
			children = (
				7F894D181923062E00B9FCB2 /* AppDelegate.h */,
				7F894D191923062E00B9FCB2 /* AppDelegate.m */,
				7F894D1B1923062E00B9FCB2 /* Main.storyboard */,
				7F894D1E1923062E00B9FCB2 /* ViewController.h */,
				7F894D1F1923062E00B9FCB2 /* ViewController.m */,
				7F894D211923062E00B9FCB2 /* Images.xcassets */,
				7F894D101923062E00B9FCB2 /* Supporting Files */,
			);
			path = CardGame;
			sourceTree = "<group>";
		};
		7F894D101923062E00B9FCB2 /* Supporting Files */ = {
			isa = PBXGroup;
			children = (
				7F894D111923062E00B9FCB2 /* CardGame-Info.plist */,
				7F894D121923062E00B9FCB2 /* InfoPlist.strings */,
				7F894D151923062E00B9FCB2 /* main.m */,
				7F894D171923062E00B9FCB2 /* CardGame-Prefix.pch */,
			);
			name = "Supporting Files";
			sourceTree = "<group>";
		};
		7F894D2E1923062E00B9FCB2 /* CardGameTests */ = {
			isa = PBXGroup;
			children = (
				7F894D341923062E00B9FCB2 /* CardGameTests.m */,
				7F894D2F1923062E00B9FCB2 /* Supporting Files */,
			);
			path = CardGameTests;
			sourceTree = "<group>";
		};
		7F894D2F1923062E00B9FCB2 /* Supporting Files */ = {
			isa = PBXGroup;
			children = (
				7F894D301923062E00B9FCB2 /* CardGameTests-Info.plist */,
				7F894D311923062E00B9FCB2 /* InfoPlist.strings */,
			);
			name = "Supporting Files";
			sourceTree = "<group>";
		};
/* End PBXGroup section */

/* Begin PBXNativeTarget section */
		7F894D051923062E00B9FCB2 /* CardGame */ = {
			isa = PBXNativeTarget;
			buildConfigurationList = 7F894D381923062E00B9FCB2 /* Build configuration list for PBXNativeTarget "CardGame" */;
			buildPhases = (
				7F894D021923062E00B9FCB2 /* Sources */,
				7F894D031923062E00B9FCB2 /* Frameworks */,
				7F894D041923062E00B9FCB2 /* Resources */,
			);
			buildRules = (
			);
			dependencies = (
			);
			name = CardGame;
			productName = CardGame;
			productReference = 7F894D061923062E00B9FCB2 /* CardGame.app */;
			productType = "com.apple.product-type.application";
		};
		7F894D261923062E00B9FCB2 /* CardGameTests */ = {
			isa = PBXNativeTarget;
			buildConfigurationList = 7F894D3B1923062E00B9FCB2 /* Build configuration list for PBXNativeTarget "CardGameTests" */;
			buildPhases = (
				7F894D231923062E00B9FCB2 /* Sources */,
				7F894D241923062E00B9FCB2 /* Frameworks */,
				7F894D251923062E00B9FCB2 /* Resources */,
			);
			buildRules = (
			);
			dependencies = (
				7F894D2D1923062E00B9FCB2 /* PBXTargetDependency */,
			);
			name = CardGameTests;
			productName = CardGameTests;
			productReference = 7F894D271923062E00B9FCB2 /* CardGameTests.xctest */;
			productType = "com.apple.product-type.bundle.unit-test";
		};
/* End PBXNativeTarget section */

/* Begin PBXProject section */
		7F894CFE1923062E00B9FCB2 /* Project object */ = {
			isa = PBXProject;
			attributes = {
				LastUpgradeCheck = 0510;
				ORGANIZATIONNAME = NetEase;
				TargetAttributes = {
					7F894D261923062E00B9FCB2 = {
						TestTargetID = 7F894D051923062E00B9FCB2;
					};
				};
			};
			buildConfigurationList = 7F894D011923062E00B9FCB2 /* Build configuration list for PBXProject "CardGame" */;
			compatibilityVersion = "Xcode 3.2";
			developmentRegion = English;
			hasScannedForEncodings = 0;
			knownRegions = (
				en,
				Base,
			);
			mainGroup = 7F894CFD1923062E00B9FCB2;
			productRefGroup = 7F894D071923062E00B9FCB2 /* Products */;
			projectDirPath = "";
			projectRoot = "";
			targets = (
				7F894D051923062E00B9FCB2 /* CardGame */,
				7F894D261923062E00B9FCB2 /* CardGameTests */,
			);
		};
/* End PBXProject section */

/* Begin PBXResourcesBuildPhase section */
		7F894D041923062E00B9FCB2 /* Resources */ = {
			isa = PBXResourcesBuildPhase;
			buildActionMask = 2147483647;
			files = (
				7F894D221923062E00B9FCB2 /* Images.xcassets in Resources */,
				7F894D141923062E00B9FCB2 /* InfoPlist.strings in Resources */,
				7F894D1D1923062E00B9FCB2 /* Main.storyboard in Resources */,
			);
			runOnlyForDeploymentPostprocessing = 0;
		};
		7F894D251923062E00B9FCB2 /* Resources */ = {
			isa = PBXResourcesBuildPhase;
			buildActionMask = 2147483647;
			files = (
				7F894D331923062E00B9FCB2 /* InfoPlist.strings in Resources */,
			);
			runOnlyForDeploymentPostprocessing = 0;
		};
/* End PBXResourcesBuildPhase section */

/* Begin PBXSourcesBuildPhase section */
		7F894D021923062E00B9FCB2 /* Sources */ = {
			isa = PBXSourcesBuildPhase;
			buildActionMask = 2147483647;
			files = (
				7F894D201923062E00B9FCB2 /* ViewController.m in Sources */,
				7F894D1A1923062E00B9FCB2 /* AppDelegate.m in Sources */,
				7F894D161923062E00B9FCB2 /* main.m in Sources */,
			);
			runOnlyForDeploymentPostprocessing = 0;
		};
		7F894D231923062E00B9FCB2 /* Sources */ = {
			isa = PBXSourcesBuildPhase;
			buildActionMask = 2147483647;
			files = (
				7F894D351923062E00B9FCB2 /* CardGameTests.m in Sources */,
			);
			runOnlyForDeploymentPostprocessing = 0;
		};
/* End PBXSourcesBuildPhase section */

/* Begin PBXTargetDependency section */
		7F894D2D1923062E00B9FCB2 /* PBXTargetDependency */ = {
			isa = PBXTargetDependency;
			target = 7F894D051923062E00B9FCB2 /* CardGame */;
			targetProxy = 7F894D2C1923062E00B9FCB2 /* PBXContainerItemProxy */;
		};
/* End PBXTargetDependency section */

/* Begin PBXVariantGroup section */
		7F894D121923062E00B9FCB2 /* InfoPlist.strings */ = {
			isa = PBXVariantGroup;
			children = (
				7F894D131923062E00B9FCB2 /* en */,
			);
			name = InfoPlist.strings;
			sourceTree = "<group>";
		};
		7F894D1B1923062E00B9FCB2 /* Main.storyboard */ = {
			isa = PBXVariantGroup;
			children = (
				7F894D1C1923062E00B9FCB2 /* Base */,
			);
			name = Main.storyboard;
			sourceTree = "<group>";
		};
		7F894D311923062E00B9FCB2 /* InfoPlist.strings */ = {
			isa = PBXVariantGroup;
			children = (
				7F894D321923062E00B9FCB2 /* en */,
			);
			name = InfoPlist.strings;
			sourceTree = "<group>";
		};
/* End PBXVariantGroup section */

/* Begin XCBuildConfiguration section */
		7F894D361923062E00B9FCB2 /* Debug */ = {
			isa = XCBuildConfiguration;
			buildSettings = {
				ALWAYS_SEARCH_USER_PATHS = NO;
				CLANG_CXX_LANGUAGE_STANDARD = "gnu++0x";
				CLANG_CXX_LIBRARY = "libc++";
				CLANG_ENABLE_MODULES = YES;
				CLANG_ENABLE_OBJC_ARC = YES;
				CLANG_WARN_BOOL_CONVERSION = YES;
				CLANG_WARN_CONSTANT_CONVERSION = YES;
				CLANG_WARN_DIRECT_OBJC_ISA_USAGE = YES_ERROR;
				CLANG_WARN_EMPTY_BODY = YES;
				CLANG_WARN_ENUM_CONVERSION = YES;
				CLANG_WARN_INT_CONVERSION = YES;
				CLANG_WARN_OBJC_ROOT_CLASS = YES_ERROR;
				CLANG_WARN__DUPLICATE_METHOD_MATCH = YES;
				"CODE_SIGN_IDENTITY[sdk=iphoneos*]" = "iPhone Developer";
				COPY_PHASE_STRIP = NO;
				GCC_C_LANGUAGE_STANDARD = gnu99;
				GCC_DYNAMIC_NO_PIC = NO;
				GCC_OPTIMIZATION_LEVEL = 0;
				GCC_PREPROCESSOR_DEFINITIONS = (
					"DEBUG=1",
					"$(inherited)",
				);
				GCC_SYMBOLS_PRIVATE_EXTERN = NO;
				GCC_WARN_64_TO_32_BIT_CONVERSION = YES;
				GCC_WARN_ABOUT_RETURN_TYPE = YES_ERROR;
				GCC_WARN_UNDECLARED_SELECTOR = YES;
				GCC_WARN_UNINITIALIZED_AUTOS = YES_AGGRESSIVE;
				GCC_WARN_UNUSED_FUNCTION = YES;
				GCC_WARN_UNUSED_VARIABLE = YES;
				IPHONEOS_DEPLOYMENT_TARGET = 7.1;
				ONLY_ACTIVE_ARCH = YES;
				SDKROOT = iphoneos;
			};
			name = Debug;
		};
		7F894D371923062E00B9FCB2 /* Release */ = {
			isa = XCBuildConfiguration;
			buildSettings = {
				ALWAYS_SEARCH_USER_PATHS = NO;
				CLANG_CXX_LANGUAGE_STANDARD = "gnu++0x";
				CLANG_CXX_LIBRARY = "libc++";
				CLANG_ENABLE_MODULES = YES;
				CLANG_ENABLE_OBJC_ARC = YES;
				CLANG_WARN_BOOL_CONVERSION = YES;
				CLANG_WARN_CONSTANT_CONVERSION = YES;
				CLANG_WARN_DIRECT_OBJC_ISA_USAGE = YES_ERROR;
				CLANG_WARN_EMPTY_BODY = YES;
				CLANG_WARN_ENUM_CONVERSION = YES;
				CLANG_WARN_INT_CONVERSION = YES;
				CLANG_WARN_OBJC_ROOT_CLASS = YES_ERROR;
				CLANG_WARN__DUPLICATE_METHOD_MATCH = YES;
				"CODE_SIGN_IDENTITY[sdk=iphoneos*]" = "iPhone Developer";
				COPY_PHASE_STRIP = YES;
				ENABLE_NS_ASSERTIONS = NO;
				GCC_C_LANGUAGE_STANDARD = gnu99;
				GCC_WARN_64_TO_32_BIT_CONVERSION = YES;
				GCC_WARN_ABOUT_RETURN_TYPE = YES_ERROR;
				GCC_WARN_UNDECLARED_SELECTOR = YES;
				GCC_WARN_UNINITIALIZED_AUTOS = YES_AGGRESSIVE;
				GCC_WARN_UNUSED_FUNCTION = YES;
				GCC_WARN_UNUSED_VARIABLE = YES;
				IPHONEOS_DEPLOYMENT_TARGET = 7.1;
				SDKROOT = iphoneos;
				VALIDATE_PRODUCT = YES;
			};
			name = Release;
		};
		7F894D391923062E00B9FCB2 /* Debug */ = {
			isa = XCBuildConfiguration;
			buildSettings = {
				ASSETCATALOG_COMPILER_APPICON_NAME = AppIcon;
				ASSETCATALOG_COMPILER_LAUNCHIMAGE_NAME = LaunchImage;
				GCC_PRECOMPILE_PREFIX_HEADER = YES;
				GCC_PREFIX_HEADER = "CardGame/CardGame-Prefix.pch";
				INFOPLIST_FILE = "CardGame/CardGame-Info.plist";
				PRODUCT_NAME = "$(TARGET_NAME)";
				WRAPPER_EXTENSION = app;
			};
			name = Debug;
		};
		7F894D3A1923062E00B9FCB2 /* Release */ = {
			isa = XCBuildConfiguration;
			buildSettings = {
				ASSETCATALOG_COMPILER_APPICON_NAME = AppIcon;
				ASSETCATALOG_COMPILER_LAUNCHIMAGE_NAME = LaunchImage;
				GCC_PRECOMPILE_PREFIX_HEADER = YES;
				GCC_PREFIX_HEADER = "CardGame/CardGame-Prefix.pch";
				INFOPLIST_FILE = "CardGame/CardGame-Info.plist";
				PRODUCT_NAME = "$(TARGET_NAME)";
				WRAPPER_EXTENSION = app;
			};
			name = Release;
		};
		7F894D3C1923062E00B9FCB2 /* Debug */ = {
			isa = XCBuildConfiguration;
			buildSettings = {
				BUNDLE_LOADER = "$(BUILT_PRODUCTS_DIR)/CardGame.app/CardGame";
				FRAMEWORK_SEARCH_PATHS = (
					"$(SDKROOT)/Developer/Library/Frameworks",
					"$(inherited)",
					"$(DEVELOPER_FRAMEWORKS_DIR)",
				);
				GCC_PRECOMPILE_PREFIX_HEADER = YES;
				GCC_PREFIX_HEADER = "CardGame/CardGame-Prefix.pch";
				GCC_PREPROCESSOR_DEFINITIONS = (
					"DEBUG=1",
					"$(inherited)",
				);
				INFOPLIST_FILE = "CardGameTests/CardGameTests-Info.plist";
				PRODUCT_NAME = "$(TARGET_NAME)";
				TEST_HOST = "$(BUNDLE_LOADER)";
				WRAPPER_EXTENSION = xctest;
			};
			name = Debug;
		};
		7F894D3D1923062E00B9FCB2 /* Release */ = {
			isa = XCBuildConfiguration;
			buildSettings = {
				BUNDLE_LOADER = "$(BUILT_PRODUCTS_DIR)/CardGame.app/CardGame";
				FRAMEWORK_SEARCH_PATHS = (
					"$(SDKROOT)/Developer/Library/Frameworks",
					"$(inherited)",
					"$(DEVELOPER_FRAMEWORKS_DIR)",
				);
				GCC_PRECOMPILE_PREFIX_HEADER = YES;
				GCC_PREFIX_HEADER = "CardGame/CardGame-Prefix.pch";
				INFOPLIST_FILE = "CardGameTests/CardGameTests-Info.plist";
				PRODUCT_NAME = "$(TARGET_NAME)";
				TEST_HOST = "$(BUNDLE_LOADER)";
				WRAPPER_EXTENSION = xctest;
			};
			name = Release;
		};
/* End XCBuildConfiguration section */

/* Begin XCConfigurationList section */
		7F894D011923062E00B9FCB2 /* Build configuration list for PBXProject "CardGame" */ = {
			isa = XCConfigurationList;
			buildConfigurations = (
				7F894D361923062E00B9FCB2 /* Debug */,
				7F894D371923062E00B9FCB2 /* Release */,
			);
			defaultConfigurationIsVisible = 0;
			defaultConfigurationName = Release;
		};
		7F894D381923062E00B9FCB2 /* Build configuration list for PBXNativeTarget "CardGame" */ = {
			isa = XCConfigurationList;
			buildConfigurations = (
				7F894D391923062E00B9FCB2 /* Debug */,
				7F894D3A1923062E00B9FCB2 /* Release */,
			);
			defaultConfigurationIsVisible = 0;
		};
		7F894D3B1923062E00B9FCB2 /* Build configuration list for PBXNativeTarget "CardGameTests" */ = {
			isa = XCConfigurationList;
			buildConfigurations = (
				7F894D3C1923062E00B9FCB2 /* Debug */,
				7F894D3D1923062E00B9FCB2 /* Release */,
			);
			defaultConfigurationIsVisible = 0;
		};
/* End XCConfigurationList section */
	};
	rootObject = 7F894CFE1923062E00B9FCB2 /* Project object */;
}
